
Microsoft Visual Studio Solution File, Format Version 12.00
# Visual Studio Version 17
VisualStudioVersion = 17.8.34330.188
MinimumVisualStudioVersion = 10.0.40219.1
Project("{FAE04EC0-301F-11D3-BF4B-00C04F79EFBC}") = "Chapter.Net", "Chapter.Net\Chapter.Net.csproj", "{F895F239-555F-4C78-B5E9-4ABC4CA70FF0}"
EndProject
Global
	GlobalSection(SolutionConfigurationPlatforms) = preSolution
		Debug|Any CPU = Debug|Any CPU
		Release|Any CPU = Release|Any CPU
	EndGlobalSection
	GlobalSection(ProjectConfigurationPlatforms) = postSolution
		{F895F239-555F-4C78-B5E9-4ABC4CA70FF0}.Debug|Any CPU.ActiveCfg = Debug|Any CPU
		{F895F239-555F-4C78-B5E9-4ABC4CA70FF0}.Debug|Any CPU.Build.0 = Debug|Any CPU
		{F895F239-555F-4C78-B5E9-4ABC4CA70FF0}.Release|Any CPU.ActiveCfg = Release|Any CPU
		{F895F239-555F-4C78-B5E9-4ABC4CA70FF0}.Release|Any CPU.Build.0 = Release|Any CPU
	EndGlobalSection
	GlobalSection(SolutionProperties) = preSolution
		HideSolutionNode = FALSE
	EndGlobalSection
	GlobalSection(ExtensibilityGlobals) = postSolution
		SolutionGuid = {6F7227F9-82CC-4BF6-8B44-C9A7913789F8}
	EndGlobalSection
EndGlobal
